
Microsoft Visual Studio Solution File, Format Version 12.00
# Visual Studio Version 17
VisualStudioVersion = 17.8.34330.188
MinimumVisualStudioVersion = 10.0.40219.1
Project("{FAE04EC0-301F-11D3-BF4B-00C04F79EFBC}") = "GraphIntersection", "GraphIntersection\GraphIntersection.csproj", "{BF0CD4D1-CB2F-4851-9B34-480871B11B9A}"
EndProject
Global
	GlobalSection(SolutionConfigurationPlatforms) = preSolution
		Debug|Any CPU = Debug|Any CPU
		Release|Any CPU = Release|Any CPU
	EndGlobalSection
	GlobalSection(ProjectConfigurationPlatforms) = postSolution
		{BF0CD4D1-CB2F-4851-9B34-480871B11B9A}.Debug|Any CPU.ActiveCfg = Debug|Any CPU
		{BF0CD4D1-CB2F-4851-9B34-480871B11B9A}.Debug|Any CPU.Build.0 = Debug|Any CPU
		{BF0CD4D1-CB2F-4851-9B34-480871B11B9A}.Release|Any CPU.ActiveCfg = Release|Any CPU
		{BF0CD4D1-CB2F-4851-9B34-480871B11B9A}.Release|Any CPU.Build.0 = Release|Any CPU
	EndGlobalSection
	GlobalSection(SolutionProperties) = preSolution
		HideSolutionNode = FALSE
	EndGlobalSection
	GlobalSection(ExtensibilityGlobals) = postSolution
		SolutionGuid = {FE0EB1F1-66F2-417E-A741-F98EF58F32A1}
	EndGlobalSection
EndGlobal
